
Microsoft Visual Studio Solution File, Format Version 12.00
# Visual Studio Version 16
VisualStudioVersion = 16.0.29806.167
MinimumVisualStudioVersion = 10.0.40219.1
Project("{FAE04EC0-301F-11D3-BF4B-00C04F79EFBC}") = "Sprout Downloader", "Sprout Downloader\Sprout Downloader.csproj", "{65D86118-7EC4-429E-B0D5-CEA11650B876}"
EndProject
Global
	GlobalSection(SolutionConfigurationPlatforms) = preSolution
		Debug|Any CPU = Debug|Any CPU
		Release|Any CPU = Release|Any CPU
	EndGlobalSection
	GlobalSection(ProjectConfigurationPlatforms) = postSolution
		{65D86118-7EC4-429E-B0D5-CEA11650B876}.Debug|Any CPU.ActiveCfg = Debug|Any CPU
		{65D86118-7EC4-429E-B0D5-CEA11650B876}.Debug|Any CPU.Build.0 = Debug|Any CPU
		{65D86118-7EC4-429E-B0D5-CEA11650B876}.Release|Any CPU.ActiveCfg = Release|Any CPU
		{65D86118-7EC4-429E-B0D5-CEA11650B876}.Release|Any CPU.Build.0 = Release|Any CPU
	EndGlobalSection
	GlobalSection(SolutionProperties) = preSolution
		HideSolutionNode = FALSE
	EndGlobalSection
	GlobalSection(ExtensibilityGlobals) = postSolution
		SolutionGuid = {72BB6C1C-93F1-4F30-A7C4-B8655E8A7D66}
	EndGlobalSection
EndGlobal
